
Microsoft Visual Studio Solution File, Format Version 12.00
# Visual Studio Version 17
VisualStudioVersion = 17.0.31903.59
MinimumVisualStudioVersion = 10.0.40219.1
Project("{9A19103F-16F7-4668-BE54-9A1E7A4F7556}") = "AuthService", "AuthService\AuthService.csproj", "{39FADAE2-FB27-47EE-B5B5-A2EF2286E09C}"
EndProject
Project("{9A19103F-16F7-4668-BE54-9A1E7A4F7556}") = "ContentService", "ContentService\ContentService.csproj", "{A4CE2DE3-3449-4DF9-A253-28C707ACDBBD}"
EndProject
Project("{9A19103F-16F7-4668-BE54-9A1E7A4F7556}") = "PaymentService", "PaymentService\PaymentService.csproj", "{64BAB3B1-1C6E-4E16-814C-3CDB6B7FBD3C}"
EndProject
Project("{9A19103F-16F7-4668-BE54-9A1E7A4F7556}") = "SubscriptionService", "SubscriptionService\SubscriptionService.csproj", "{28258FA5-FD0B-471E-9DCC-E21DC3D7FE00}"
EndProject
Project("{9A19103F-16F7-4668-BE54-9A1E7A4F7556}") = "Common.Messaging", "Common.Messaging\Common.Messaging.csproj", "{5A573890-5CE1-48A3-8BAB-1D1F1E45EA2D}"
EndProject
Project("{9A19103F-16F7-4668-BE54-9A1E7A4F7556}") = "NotificationService", "NotificationService\NotificationService.csproj", "{BDA836F0-FD0B-42BA-A161-EA46B02679C5}"
EndProject
Project("{FAE04EC0-301F-11D3-BF4B-00C04F79EFBC}") = "VideoPlatformPortal", "VideoPlatformPortal\VideoPlatformPortal.csproj", "{48D6829C-15E2-4940-88E9-DB5E82D2E628}"
EndProject
Global
	GlobalSection(SolutionConfigurationPlatforms) = preSolution
		Debug|Any CPU = Debug|Any CPU
		Release|Any CPU = Release|Any CPU
	EndGlobalSection
	GlobalSection(ProjectConfigurationPlatforms) = postSolution
		{39FADAE2-FB27-47EE-B5B5-A2EF2286E09C}.Debug|Any CPU.ActiveCfg = Debug|Any CPU
		{39FADAE2-FB27-47EE-B5B5-A2EF2286E09C}.Debug|Any CPU.Build.0 = Debug|Any CPU
		{39FADAE2-FB27-47EE-B5B5-A2EF2286E09C}.Release|Any CPU.ActiveCfg = Release|Any CPU
		{39FADAE2-FB27-47EE-B5B5-A2EF2286E09C}.Release|Any CPU.Build.0 = Release|Any CPU
		{A4CE2DE3-3449-4DF9-A253-28C707ACDBBD}.Debug|Any CPU.ActiveCfg = Debug|Any CPU
		{A4CE2DE3-3449-4DF9-A253-28C707ACDBBD}.Debug|Any CPU.Build.0 = Debug|Any CPU
		{A4CE2DE3-3449-4DF9-A253-28C707ACDBBD}.Release|Any CPU.ActiveCfg = Release|Any CPU
		{A4CE2DE3-3449-4DF9-A253-28C707ACDBBD}.Release|Any CPU.Build.0 = Release|Any CPU
		{64BAB3B1-1C6E-4E16-814C-3CDB6B7FBD3C}.Debug|Any CPU.ActiveCfg = Debug|Any CPU
		{64BAB3B1-1C6E-4E16-814C-3CDB6B7FBD3C}.Debug|Any CPU.Build.0 = Debug|Any CPU
		{64BAB3B1-1C6E-4E16-814C-3CDB6B7FBD3C}.Release|Any CPU.ActiveCfg = Release|Any CPU
		{64BAB3B1-1C6E-4E16-814C-3CDB6B7FBD3C}.Release|Any CPU.Build.0 = Release|Any CPU
		{28258FA5-FD0B-471E-9DCC-E21DC3D7FE00}.Debug|Any CPU.ActiveCfg = Debug|Any CPU
		{28258FA5-FD0B-471E-9DCC-E21DC3D7FE00}.Debug|Any CPU.Build.0 = Debug|Any CPU
		{28258FA5-FD0B-471E-9DCC-E21DC3D7FE00}.Release|Any CPU.ActiveCfg = Release|Any CPU
		{28258FA5-FD0B-471E-9DCC-E21DC3D7FE00}.Release|Any CPU.Build.0 = Release|Any CPU
		{5A573890-5CE1-48A3-8BAB-1D1F1E45EA2D}.Debug|Any CPU.ActiveCfg = Debug|Any CPU
		{5A573890-5CE1-48A3-8BAB-1D1F1E45EA2D}.Debug|Any CPU.Build.0 = Debug|Any CPU
		{5A573890-5CE1-48A3-8BAB-1D1F1E45EA2D}.Release|Any CPU.ActiveCfg = Release|Any CPU
		{5A573890-5CE1-48A3-8BAB-1D1F1E45EA2D}.Release|Any CPU.Build.0 = Release|Any CPU
		{BDA836F0-FD0B-42BA-A161-EA46B02679C5}.Debug|Any CPU.ActiveCfg = Debug|Any CPU
		{BDA836F0-FD0B-42BA-A161-EA46B02679C5}.Debug|Any CPU.Build.0 = Debug|Any CPU
		{BDA836F0-FD0B-42BA-A161-EA46B02679C5}.Release|Any CPU.ActiveCfg = Release|Any CPU
		{BDA836F0-FD0B-42BA-A161-EA46B02679C5}.Release|Any CPU.Build.0 = Release|Any CPU
		{48D6829C-15E2-4940-88E9-DB5E82D2E628}.Debug|Any CPU.ActiveCfg = Debug|Any CPU
		{48D6829C-15E2-4940-88E9-DB5E82D2E628}.Debug|Any CPU.Build.0 = Debug|Any CPU
		{48D6829C-15E2-4940-88E9-DB5E82D2E628}.Release|Any CPU.ActiveCfg = Release|Any CPU
		{48D6829C-15E2-4940-88E9-DB5E82D2E628}.Release|Any CPU.Build.0 = Release|Any CPU
	EndGlobalSection
	GlobalSection(SolutionProperties) = preSolution
		HideSolutionNode = FALSE
	EndGlobalSection
	GlobalSection(ExtensibilityGlobals) = postSolution
		SolutionGuid = {F63D46C2-FC40-4512-804D-6F993A7DADAD}
	EndGlobalSection
EndGlobal
